
Microsoft Visual Studio Solution File, Format Version 12.00
# Visual Studio 15
VisualStudioVersion = 15.0.26730.16
MinimumVisualStudioVersion = 10.0.40219.1
Project("{FAE04EC0-301F-11D3-BF4B-00C04F79EFBC}") = "ManNav", "ManNav\ManNav.csproj", "{0414BABF-C634-46AB-B5E9-76FA786EBB64}"
EndProject
Project("{FAE04EC0-301F-11D3-BF4B-00C04F79EFBC}") = "ManNav.Parser", "ManNav.Parser\ManNav.Parser.csproj", "{0CA5F327-9F50-46F4-A93E-4FFC89114D6B}"
EndProject
Project("{2150E333-8FDC-42A3-9474-1A3956D46DE8}") = "Solution Items", "Solution Items", "{21953E32-9510-4687-9529-F9F47E6C6E1E}"
	ProjectSection(SolutionItems) = preProject
		..\ManNavCompiler\LICENSE = ..\ManNavCompiler\LICENSE
		..\ManNavCompiler\README.md = ..\ManNavCompiler\README.md
	EndProjectSection
EndProject
Global
	GlobalSection(SolutionConfigurationPlatforms) = preSolution
		Debug|Any CPU = Debug|Any CPU
		Release|Any CPU = Release|Any CPU
	EndGlobalSection
	GlobalSection(ProjectConfigurationPlatforms) = postSolution
		{0414BABF-C634-46AB-B5E9-76FA786EBB64}.Debug|Any CPU.ActiveCfg = Debug|Any CPU
		{0414BABF-C634-46AB-B5E9-76FA786EBB64}.Debug|Any CPU.Build.0 = Debug|Any CPU
		{0414BABF-C634-46AB-B5E9-76FA786EBB64}.Release|Any CPU.ActiveCfg = Release|Any CPU
		{0414BABF-C634-46AB-B5E9-76FA786EBB64}.Release|Any CPU.Build.0 = Release|Any CPU
		{0CA5F327-9F50-46F4-A93E-4FFC89114D6B}.Debug|Any CPU.ActiveCfg = Debug|Any CPU
		{0CA5F327-9F50-46F4-A93E-4FFC89114D6B}.Debug|Any CPU.Build.0 = Debug|Any CPU
		{0CA5F327-9F50-46F4-A93E-4FFC89114D6B}.Release|Any CPU.ActiveCfg = Release|Any CPU
		{0CA5F327-9F50-46F4-A93E-4FFC89114D6B}.Release|Any CPU.Build.0 = Release|Any CPU
	EndGlobalSection
	GlobalSection(SolutionProperties) = preSolution
		HideSolutionNode = FALSE
	EndGlobalSection
	GlobalSection(ExtensibilityGlobals) = postSolution
		SolutionGuid = {A7A1548A-9363-431C-B75A-D0027FEAF7DD}
	EndGlobalSection
EndGlobal
